
Microsoft Visual Studio Solution File, Format Version 12.00
# Visual Studio 15
VisualStudioVersion = 15.0.26124.0
MinimumVisualStudioVersion = 15.0.26124.0
Project("{F2A71F9B-5D33-465A-A702-920D77279786}") = "KmaOoad.Coding.203", "KmaOoad.Coding.203\KmaOoad.Coding.203.fsproj", "{75F11234-638A-42CA-90B1-18908813217A}"
EndProject
Project("{F2A71F9B-5D33-465A-A702-920D77279786}") = "KmaOoad.Coding.203.Tests", "KmaOoad.Coding.203.Tests\KmaOoad.Coding.203.Tests.fsproj", "{042AC156-E542-4A42-80A1-222DA3CF6C80}"
EndProject
Global
	GlobalSection(SolutionConfigurationPlatforms) = preSolution
		Debug|Any CPU = Debug|Any CPU
		Debug|x64 = Debug|x64
		Debug|x86 = Debug|x86
		Release|Any CPU = Release|Any CPU
		Release|x64 = Release|x64
		Release|x86 = Release|x86
	EndGlobalSection
	GlobalSection(SolutionProperties) = preSolution
		HideSolutionNode = FALSE
	EndGlobalSection
	GlobalSection(ProjectConfigurationPlatforms) = postSolution
		{75F11234-638A-42CA-90B1-18908813217A}.Debug|Any CPU.ActiveCfg = Debug|Any CPU
		{75F11234-638A-42CA-90B1-18908813217A}.Debug|Any CPU.Build.0 = Debug|Any CPU
		{75F11234-638A-42CA-90B1-18908813217A}.Debug|x64.ActiveCfg = Debug|Any CPU
		{75F11234-638A-42CA-90B1-18908813217A}.Debug|x64.Build.0 = Debug|Any CPU
		{75F11234-638A-42CA-90B1-18908813217A}.Debug|x86.ActiveCfg = Debug|Any CPU
		{75F11234-638A-42CA-90B1-18908813217A}.Debug|x86.Build.0 = Debug|Any CPU
		{75F11234-638A-42CA-90B1-18908813217A}.Release|Any CPU.ActiveCfg = Release|Any CPU
		{75F11234-638A-42CA-90B1-18908813217A}.Release|Any CPU.Build.0 = Release|Any CPU
		{75F11234-638A-42CA-90B1-18908813217A}.Release|x64.ActiveCfg = Release|Any CPU
		{75F11234-638A-42CA-90B1-18908813217A}.Release|x64.Build.0 = Release|Any CPU
		{75F11234-638A-42CA-90B1-18908813217A}.Release|x86.ActiveCfg = Release|Any CPU
		{75F11234-638A-42CA-90B1-18908813217A}.Release|x86.Build.0 = Release|Any CPU
		{042AC156-E542-4A42-80A1-222DA3CF6C80}.Debug|Any CPU.ActiveCfg = Debug|Any CPU
		{042AC156-E542-4A42-80A1-222DA3CF6C80}.Debug|Any CPU.Build.0 = Debug|Any CPU
		{042AC156-E542-4A42-80A1-222DA3CF6C80}.Debug|x64.ActiveCfg = Debug|Any CPU
		{042AC156-E542-4A42-80A1-222DA3CF6C80}.Debug|x64.Build.0 = Debug|Any CPU
		{042AC156-E542-4A42-80A1-222DA3CF6C80}.Debug|x86.ActiveCfg = Debug|Any CPU
		{042AC156-E542-4A42-80A1-222DA3CF6C80}.Debug|x86.Build.0 = Debug|Any CPU
		{042AC156-E542-4A42-80A1-222DA3CF6C80}.Release|Any CPU.ActiveCfg = Release|Any CPU
		{042AC156-E542-4A42-80A1-222DA3CF6C80}.Release|Any CPU.Build.0 = Release|Any CPU
		{042AC156-E542-4A42-80A1-222DA3CF6C80}.Release|x64.ActiveCfg = Release|Any CPU
		{042AC156-E542-4A42-80A1-222DA3CF6C80}.Release|x64.Build.0 = Release|Any CPU
		{042AC156-E542-4A42-80A1-222DA3CF6C80}.Release|x86.ActiveCfg = Release|Any CPU
		{042AC156-E542-4A42-80A1-222DA3CF6C80}.Release|x86.Build.0 = Release|Any CPU
	EndGlobalSection
EndGlobal
